// !$*UTF8*$!
{
	archiveVersion = 1;
	classes = {
	};
	objectVersion = 90;
	objects = {

/* Begin PBXContainerItemProxy section */
		8448E9902D395446004AF42D /* PBXContainerItemProxy */ = {
			isa = PBXContainerItemProxy;
			containerPortal = 8448E9702D395444004AF42D /* Project object */;
			proxyType = 1;
			remoteGlobalIDString = 8448E9772D395444004AF42D;
			remoteInfo = EveryMinute;
		};
		8448E99A2D395446004AF42D /* PBXContainerItemProxy */ = {
			isa = PBXContainerItemProxy;
			containerPortal = 8448E9702D395444004AF42D /* Project object */;
			proxyType = 1;
			remoteGlobalIDString = 8448E9772D395444004AF42D;
			remoteInfo = EveryMinute;
		};
/* End PBXContainerItemProxy section */

/* Begin PBXFileReference section */
		8448E9782D395444004AF42D /* EveryMinute.app */ = {isa = PBXFileReference; explicitFileType = wrapper.application; includeInIndex = 0; path = EveryMinute.app; sourceTree = BUILT_PRODUCTS_DIR; };
		8448E98F2D395446004AF42D /* EveryMinuteTests.xctest */ = {isa = PBXFileReference; explicitFileType = wrapper.cfbundle; includeInIndex = 0; path = EveryMinuteTests.xctest; sourceTree = BUILT_PRODUCTS_DIR; };
		8448E9992D395446004AF42D /* EveryMinuteUITests.xctest */ = {isa = PBXFileReference; explicitFileType = wrapper.cfbundle; includeInIndex = 0; path = EveryMinuteUITests.xctest; sourceTree = BUILT_PRODUCTS_DIR; };
/* End PBXFileReference section */

/* Begin PBXFileSystemSynchronizedBuildFileExceptionSet section */
		8448E9A12D395446004AF42D /* Exceptions for "EveryMinute" folder in "EveryMinute" target */ = {
			isa = PBXFileSystemSynchronizedBuildFileExceptionSet;
			membershipExceptions = (
				Info.plist,
			);
			target = 8448E9772D395444004AF42D /* EveryMinute */;
		};
/* End PBXFileSystemSynchronizedBuildFileExceptionSet section */

/* Begin PBXFileSystemSynchronizedRootGroup section */
		8448E97A2D395444004AF42D /* EveryMinute */ = {
			isa = PBXFileSystemSynchronizedRootGroup;
			exceptions = (
				8448E9A12D395446004AF42D /* Exceptions for "EveryMinute" folder in "EveryMinute" target */,
			);
			path = EveryMinute;
			sourceTree = "<group>";
		};
		8448E9922D395446004AF42D /* EveryMinuteTests */ = {
			isa = PBXFileSystemSynchronizedRootGroup;
			path = EveryMinuteTests;
			sourceTree = "<group>";
		};
		8448E99C2D395446004AF42D /* EveryMinuteUITests */ = {
			isa = PBXFileSystemSynchronizedRootGroup;
			path = EveryMinuteUITests;
			sourceTree = "<group>";
		};
/* End PBXFileSystemSynchronizedRootGroup section */

/* Begin PBXFrameworksBuildPhase section */
		8448E9752D395444004AF42D /* Frameworks */ = {
			isa = PBXFrameworksBuildPhase;
			files = (
			);
		};
		8448E98C2D395446004AF42D /* Frameworks */ = {
			isa = PBXFrameworksBuildPhase;
			files = (
			);
		};
		8448E9962D395446004AF42D /* Frameworks */ = {
			isa = PBXFrameworksBuildPhase;
			files = (
			);
		};
/* End PBXFrameworksBuildPhase section */

/* Begin PBXGroup section */
		8448E96F2D395444004AF42D = {
			isa = PBXGroup;
			children = (
				8448E97A2D395444004AF42D /* EveryMinute */,
				8448E9922D395446004AF42D /* EveryMinuteTests */,
				8448E99C2D395446004AF42D /* EveryMinuteUITests */,
				8448E9792D395444004AF42D /* Products */,
			);
			sourceTree = "<group>";
		};
		8448E9792D395444004AF42D /* Products */ = {
			isa = PBXGroup;
			children = (
				8448E9782D395444004AF42D /* EveryMinute.app */,
				8448E98F2D395446004AF42D /* EveryMinuteTests.xctest */,
				8448E9992D395446004AF42D /* EveryMinuteUITests.xctest */,
			);
			name = Products;
			sourceTree = "<group>";
		};
/* End PBXGroup section */

/* Begin PBXNativeTarget section */
		8448E9772D395444004AF42D /* EveryMinute */ = {
			isa = PBXNativeTarget;
			buildConfigurationList = 8448E9A22D395446004AF42D /* Build configuration list for PBXNativeTarget "EveryMinute" */;
			buildPhases = (
				8448E9742D395444004AF42D /* Sources */,
				8448E9752D395444004AF42D /* Frameworks */,
				8448E9762D395444004AF42D /* Resources */,
			);
			buildRules = (
			);
			fileSystemSynchronizedGroups = (
				8448E97A2D395444004AF42D /* EveryMinute */,
			);
			name = EveryMinute;
			productName = EveryMinute;
			productReference = 8448E9782D395444004AF42D /* EveryMinute.app */;
			productType = "com.apple.product-type.application";
		};
		8448E98E2D395446004AF42D /* EveryMinuteTests */ = {
			isa = PBXNativeTarget;
			buildConfigurationList = 8448E9A72D395446004AF42D /* Build configuration list for PBXNativeTarget "EveryMinuteTests" */;
			buildPhases = (
				8448E98B2D395446004AF42D /* Sources */,
				8448E98C2D395446004AF42D /* Frameworks */,
				8448E98D2D395446004AF42D /* Resources */,
			);
			buildRules = (
			);
			dependencies = (
				8448E9912D395446004AF42D /* PBXTargetDependency */,
			);
			fileSystemSynchronizedGroups = (
				8448E9922D395446004AF42D /* EveryMinuteTests */,
			);
			name = EveryMinuteTests;
			productName = EveryMinuteTests;
			productReference = 8448E98F2D395446004AF42D /* EveryMinuteTests.xctest */;
			productType = "com.apple.product-type.bundle.unit-test";
		};
		8448E9982D395446004AF42D /* EveryMinuteUITests */ = {
			isa = PBXNativeTarget;
			buildConfigurationList = 8448E9AA2D395446004AF42D /* Build configuration list for PBXNativeTarget "EveryMinuteUITests" */;
			buildPhases = (
				8448E9952D395446004AF42D /* Sources */,
				8448E9962D395446004AF42D /* Frameworks */,
				8448E9972D395446004AF42D /* Resources */,
			);
			buildRules = (
			);
			dependencies = (
				8448E99B2D395446004AF42D /* PBXTargetDependency */,
			);
			fileSystemSynchronizedGroups = (
				8448E99C2D395446004AF42D /* EveryMinuteUITests */,
			);
			name = EveryMinuteUITests;
			productName = EveryMinuteUITests;
			productReference = 8448E9992D395446004AF42D /* EveryMinuteUITests.xctest */;
			productType = "com.apple.product-type.bundle.ui-testing";
		};
/* End PBXNativeTarget section */

/* Begin PBXProject section */
		8448E9702D395444004AF42D /* Project object */ = {
			isa = PBXProject;
			attributes = {
				BuildIndependentTargetsInParallel = 1;
				LastSwiftUpdateCheck = 1620;
				LastUpgradeCheck = 1630;
				TargetAttributes = {
					8448E9772D395444004AF42D = {
						CreatedOnToolsVersion = 16.2;
					};
					8448E98E2D395446004AF42D = {
						CreatedOnToolsVersion = 16.2;
						TestTargetID = 8448E9772D395444004AF42D;
					};
					8448E9982D395446004AF42D = {
						CreatedOnToolsVersion = 16.2;
						TestTargetID = 8448E9772D395444004AF42D;
					};
				};
			};
			buildConfigurationList = 8448E9732D395444004AF42D /* Build configuration list for PBXProject "EveryMinute" */;
			developmentRegion = en;
			hasScannedForEncodings = 0;
			knownRegions = (
				en,
				Base,
				de,
			);
			mainGroup = 8448E96F2D395444004AF42D;
			minimizedProjectReferenceProxies = 1;
			preferredProjectObjectVersion = 90;
			productRefGroup = 8448E9792D395444004AF42D /* Products */;
			projectDirPath = "";
			projectRoot = "";
			targets = (
				8448E9772D395444004AF42D /* EveryMinute */,
				8448E98E2D395446004AF42D /* EveryMinuteTests */,
				8448E9982D395446004AF42D /* EveryMinuteUITests */,
			);
		};
/* End PBXProject section */

/* Begin PBXResourcesBuildPhase section */
		8448E9762D395444004AF42D /* Resources */ = {
			isa = PBXResourcesBuildPhase;
			files = (
			);
		};
		8448E98D2D395446004AF42D /* Resources */ = {
			isa = PBXResourcesBuildPhase;
			files = (
			);
		};
		8448E9972D395446004AF42D /* Resources */ = {
			isa = PBXResourcesBuildPhase;
			files = (
			);
		};
/* End PBXResourcesBuildPhase section */

/* Begin PBXSourcesBuildPhase section */
		8448E9742D395444004AF42D /* Sources */ = {
			isa = PBXSourcesBuildPhase;
			files = (
			);
		};
		8448E98B2D395446004AF42D /* Sources */ = {
			isa = PBXSourcesBuildPhase;
			files = (
			);
		};
		8448E9952D395446004AF42D /* Sources */ = {
			isa = PBXSourcesBuildPhase;
			files = (
			);
		};
/* End PBXSourcesBuildPhase section */

/* Begin PBXTargetDependency section */
		8448E9912D395446004AF42D /* PBXTargetDependency */ = {
			isa = PBXTargetDependency;
			target = 8448E9772D395444004AF42D /* EveryMinute */;
			targetProxy = 8448E9902D395446004AF42D /* PBXContainerItemProxy */;
		};
		8448E99B2D395446004AF42D /* PBXTargetDependency */ = {
			isa = PBXTargetDependency;
			target = 8448E9772D395444004AF42D /* EveryMinute */;
			targetProxy = 8448E99A2D395446004AF42D /* PBXContainerItemProxy */;
		};
/* End PBXTargetDependency section */

/* Begin XCBuildConfiguration section */
		8448E9A32D395446004AF42D /* Debug configuration for PBXNativeTarget "EveryMinute" */ = {
			isa = XCBuildConfiguration;
			buildSettings = {
				ASSETCATALOG_COMPILER_APPICON_NAME = AppIcon;
				ASSETCATALOG_COMPILER_GLOBAL_ACCENT_COLOR_NAME = AccentColor;
				CODE_SIGN_ENTITLEMENTS = EveryMinute/EveryMinute.entitlements;
				CODE_SIGN_STYLE = Automatic;
				CURRENT_PROJECT_VERSION = 1;
				DEAD_CODE_STRIPPING = YES;
				DEVELOPMENT_ASSET_PATHS = "\"EveryMinute/Preview Content\"";
				ENABLE_HARDENED_RUNTIME = YES;
				ENABLE_PREVIEWS = YES;
				GENERATE_INFOPLIST_FILE = YES;
				INFOPLIST_FILE = EveryMinute/Info.plist;
				INFOPLIST_KEY_CFBundleDisplayName = EveryMinute;
				INFOPLIST_KEY_LSApplicationCategoryType = "public.app-category.productivity";
				"INFOPLIST_KEY_UIApplicationSceneManifest_Generation[sdk=iphoneos*]" = YES;
				"INFOPLIST_KEY_UIApplicationSceneManifest_Generation[sdk=iphonesimulator*]" = YES;
				"INFOPLIST_KEY_UIApplicationSupportsIndirectInputEvents[sdk=iphoneos*]" = YES;
				"INFOPLIST_KEY_UIApplicationSupportsIndirectInputEvents[sdk=iphonesimulator*]" = YES;
				"INFOPLIST_KEY_UILaunchScreen_Generation[sdk=iphoneos*]" = YES;
				"INFOPLIST_KEY_UILaunchScreen_Generation[sdk=iphonesimulator*]" = YES;
				"INFOPLIST_KEY_UIStatusBarStyle[sdk=iphoneos*]" = UIStatusBarStyleDefault;
				"INFOPLIST_KEY_UIStatusBarStyle[sdk=iphonesimulator*]" = UIStatusBarStyleDefault;
				INFOPLIST_KEY_UISupportedInterfaceOrientations_iPad = "UIInterfaceOrientationPortrait UIInterfaceOrientationPortraitUpsideDown UIInterfaceOrientationLandscapeLeft UIInterfaceOrientationLandscapeRight";
				INFOPLIST_KEY_UISupportedInterfaceOrientations_iPhone = "UIInterfaceOrientationPortrait UIInterfaceOrientationLandscapeLeft UIInterfaceOrientationLandscapeRight";
				IPHONEOS_DEPLOYMENT_TARGET = 18.4;
				LD_RUNPATH_SEARCH_PATHS = "@executable_path/Frameworks";
				"LD_RUNPATH_SEARCH_PATHS[sdk=macosx*]" = "@executable_path/../Frameworks";
				MACOSX_DEPLOYMENT_TARGET = 15.4;
				MARKETING_VERSION = 1.0;
				PRODUCT_BUNDLE_IDENTIFIER = dev.jules.EveryMinute;
				PRODUCT_NAME = "$(TARGET_NAME)";
				SDKROOT = auto;
				SUPPORTED_PLATFORMS = "appletvos appletvsimulator iphoneos iphonesimulator macosx xros xrsimulator";
				SUPPORTS_MACCATALYST = NO;
				SWIFT_EMIT_LOC_STRINGS = YES;
				SWIFT_VERSION = 5.0;
				TARGETED_DEVICE_FAMILY = "1,2,3,7";
				TVOS_DEPLOYMENT_TARGET = 18.4;
				XROS_DEPLOYMENT_TARGET = 2.4;
			};
			name = Debug;
		};
		8448E9A42D395446004AF42D /* Release configuration for PBXNativeTarget "EveryMinute" */ = {
			isa = XCBuildConfiguration;
			buildSettings = {
				ASSETCATALOG_COMPILER_APPICON_NAME = AppIcon;
				ASSETCATALOG_COMPILER_GLOBAL_ACCENT_COLOR_NAME = AccentColor;
				CODE_SIGN_ENTITLEMENTS = EveryMinute/EveryMinute.entitlements;
				CODE_SIGN_STYLE = Automatic;
				CURRENT_PROJECT_VERSION = 1;
				DEAD_CODE_STRIPPING = YES;
				DEVELOPMENT_ASSET_PATHS = "\"EveryMinute/Preview Content\"";
				ENABLE_HARDENED_RUNTIME = YES;
				ENABLE_PREVIEWS = YES;
				GENERATE_INFOPLIST_FILE = YES;
				INFOPLIST_FILE = EveryMinute/Info.plist;
				INFOPLIST_KEY_CFBundleDisplayName = EveryMinute;
				INFOPLIST_KEY_LSApplicationCategoryType = "public.app-category.productivity";
				"INFOPLIST_KEY_UIApplicationSceneManifest_Generation[sdk=iphoneos*]" = YES;
				"INFOPLIST_KEY_UIApplicationSceneManifest_Generation[sdk=iphonesimulator*]" = YES;
				"INFOPLIST_KEY_UIApplicationSupportsIndirectInputEvents[sdk=iphoneos*]" = YES;
				"INFOPLIST_KEY_UIApplicationSupportsIndirectInputEvents[sdk=iphonesimulator*]" = YES;
				"INFOPLIST_KEY_UILaunchScreen_Generation[sdk=iphoneos*]" = YES;
				"INFOPLIST_KEY_UILaunchScreen_Generation[sdk=iphonesimulator*]" = YES;
				"INFOPLIST_KEY_UIStatusBarStyle[sdk=iphoneos*]" = UIStatusBarStyleDefault;
				"INFOPLIST_KEY_UIStatusBarStyle[sdk=iphonesimulator*]" = UIStatusBarStyleDefault;
				INFOPLIST_KEY_UISupportedInterfaceOrientations_iPad = "UIInterfaceOrientationPortrait UIInterfaceOrientationPortraitUpsideDown UIInterfaceOrientationLandscapeLeft UIInterfaceOrientationLandscapeRight";
				INFOPLIST_KEY_UISupportedInterfaceOrientations_iPhone = "UIInterfaceOrientationPortrait UIInterfaceOrientationLandscapeLeft UIInterfaceOrientationLandscapeRight";
				IPHONEOS_DEPLOYMENT_TARGET = 18.4;
				LD_RUNPATH_SEARCH_PATHS = "@executable_path/Frameworks";
				"LD_RUNPATH_SEARCH_PATHS[sdk=macosx*]" = "@executable_path/../Frameworks";
				MACOSX_DEPLOYMENT_TARGET = 15.4;
				MARKETING_VERSION = 1.0;
				PRODUCT_BUNDLE_IDENTIFIER = dev.jules.EveryMinute;
				PRODUCT_NAME = "$(TARGET_NAME)";
				SDKROOT = auto;
				SUPPORTED_PLATFORMS = "appletvos appletvsimulator iphoneos iphonesimulator macosx xros xrsimulator";
				SUPPORTS_MACCATALYST = NO;
				SWIFT_EMIT_LOC_STRINGS = YES;
				SWIFT_VERSION = 5.0;
				TARGETED_DEVICE_FAMILY = "1,2,3,7";
				TVOS_DEPLOYMENT_TARGET = 18.4;
				XROS_DEPLOYMENT_TARGET = 2.4;
			};
			name = Release;
		};
		8448E9A52D395446004AF42D /* Debug configuration for PBXProject "EveryMinute" */ = {
			isa = XCBuildConfiguration;
			buildSettings = {
				ALWAYS_SEARCH_USER_PATHS = NO;
				ASSETCATALOG_COMPILER_GENERATE_SWIFT_ASSET_SYMBOL_EXTENSIONS = YES;
				CLANG_ANALYZER_LOCALIZABILITY_NONLOCALIZED = YES;
				CLANG_ANALYZER_NONNULL = YES;
				CLANG_ANALYZER_NUMBER_OBJECT_CONVERSION = YES_AGGRESSIVE;
				CLANG_CXX_LANGUAGE_STANDARD = "gnu++20";
				CLANG_ENABLE_MODULES = YES;
				CLANG_ENABLE_OBJC_ARC = YES;
				CLANG_ENABLE_OBJC_WEAK = YES;
				CLANG_WARN_BLOCK_CAPTURE_AUTORELEASING = YES;
				CLANG_WARN_BOOL_CONVERSION = YES;
				CLANG_WARN_COMMA = YES;
				CLANG_WARN_CONSTANT_CONVERSION = YES;
				CLANG_WARN_DEPRECATED_OBJC_IMPLEMENTATIONS = YES;
				CLANG_WARN_DIRECT_OBJC_ISA_USAGE = YES_ERROR;
				CLANG_WARN_DOCUMENTATION_COMMENTS = YES;
				CLANG_WARN_EMPTY_BODY = YES;
				CLANG_WARN_ENUM_CONVERSION = YES;
				CLANG_WARN_INFINITE_RECURSION = YES;
				CLANG_WARN_INT_CONVERSION = YES;
				CLANG_WARN_NON_LITERAL_NULL_CONVERSION = YES;
				CLANG_WARN_OBJC_IMPLICIT_RETAIN_SELF = YES;
				CLANG_WARN_OBJC_LITERAL_CONVERSION = YES;
				CLANG_WARN_OBJC_ROOT_CLASS = YES_ERROR;
				CLANG_WARN_QUOTED_INCLUDE_IN_FRAMEWORK_HEADER = YES;
				CLANG_WARN_RANGE_LOOP_ANALYSIS = YES;
				CLANG_WARN_STRICT_PROTOTYPES = YES;
				CLANG_WARN_SUSPICIOUS_MOVE = YES;
				CLANG_WARN_UNGUARDED_AVAILABILITY = YES_AGGRESSIVE;
				CLANG_WARN_UNREACHABLE_CODE = YES;
				CLANG_WARN__DUPLICATE_METHOD_MATCH = YES;
				COPY_PHASE_STRIP = NO;
				DEAD_CODE_STRIPPING = YES;
				DEBUG_INFORMATION_FORMAT = dwarf;
				DEVELOPMENT_TEAM = Q87UDX5898;
				ENABLE_STRICT_OBJC_MSGSEND = YES;
				ENABLE_TESTABILITY = YES;
				ENABLE_USER_SCRIPT_SANDBOXING = YES;
				GCC_C_LANGUAGE_STANDARD = gnu17;
				GCC_DYNAMIC_NO_PIC = NO;
				GCC_NO_COMMON_BLOCKS = YES;
				GCC_OPTIMIZATION_LEVEL = 0;
				GCC_PREPROCESSOR_DEFINITIONS = (
					"DEBUG=1",
					"$(inherited)",
				);
				GCC_WARN_64_TO_32_BIT_CONVERSION = YES;
				GCC_WARN_ABOUT_RETURN_TYPE = YES_ERROR;
				GCC_WARN_UNDECLARED_SELECTOR = YES;
				GCC_WARN_UNINITIALIZED_AUTOS = YES_AGGRESSIVE;
				GCC_WARN_UNUSED_FUNCTION = YES;
				GCC_WARN_UNUSED_VARIABLE = YES;
				LOCALIZATION_PREFERS_STRING_CATALOGS = YES;
				MTL_ENABLE_DEBUG_INFO = INCLUDE_SOURCE;
				MTL_FAST_MATH = YES;
				ONLY_ACTIVE_ARCH = YES;
				SWIFT_ACTIVE_COMPILATION_CONDITIONS = "DEBUG $(inherited)";
				SWIFT_OPTIMIZATION_LEVEL = "-Onone";
			};
			name = Debug;
		};
		8448E9A62D395446004AF42D /* Release configuration for PBXProject "EveryMinute" */ = {
			isa = XCBuildConfiguration;
			buildSettings = {
				ALWAYS_SEARCH_USER_PATHS = NO;
				ASSETCATALOG_COMPILER_GENERATE_SWIFT_ASSET_SYMBOL_EXTENSIONS = YES;
				CLANG_ANALYZER_LOCALIZABILITY_NONLOCALIZED = YES;
				CLANG_ANALYZER_NONNULL = YES;
				CLANG_ANALYZER_NUMBER_OBJECT_CONVERSION = YES_AGGRESSIVE;
				CLANG_CXX_LANGUAGE_STANDARD = "gnu++20";
				CLANG_ENABLE_MODULES = YES;
				CLANG_ENABLE_OBJC_ARC = YES;
				CLANG_ENABLE_OBJC_WEAK = YES;
				CLANG_WARN_BLOCK_CAPTURE_AUTORELEASING = YES;
				CLANG_WARN_BOOL_CONVERSION = YES;
				CLANG_WARN_COMMA = YES;
				CLANG_WARN_CONSTANT_CONVERSION = YES;
				CLANG_WARN_DEPRECATED_OBJC_IMPLEMENTATIONS = YES;
				CLANG_WARN_DIRECT_OBJC_ISA_USAGE = YES_ERROR;
				CLANG_WARN_DOCUMENTATION_COMMENTS = YES;
				CLANG_WARN_EMPTY_BODY = YES;
				CLANG_WARN_ENUM_CONVERSION = YES;
				CLANG_WARN_INFINITE_RECURSION = YES;
				CLANG_WARN_INT_CONVERSION = YES;
				CLANG_WARN_NON_LITERAL_NULL_CONVERSION = YES;
				CLANG_WARN_OBJC_IMPLICIT_RETAIN_SELF = YES;
				CLANG_WARN_OBJC_LITERAL_CONVERSION = YES;
				CLANG_WARN_OBJC_ROOT_CLASS = YES_ERROR;
				CLANG_WARN_QUOTED_INCLUDE_IN_FRAMEWORK_HEADER = YES;
				CLANG_WARN_RANGE_LOOP_ANALYSIS = YES;
				CLANG_WARN_STRICT_PROTOTYPES = YES;
				CLANG_WARN_SUSPICIOUS_MOVE = YES;
				CLANG_WARN_UNGUARDED_AVAILABILITY = YES_AGGRESSIVE;
				CLANG_WARN_UNREACHABLE_CODE = YES;
				CLANG_WARN__DUPLICATE_METHOD_MATCH = YES;
				COPY_PHASE_STRIP = NO;
				DEAD_CODE_STRIPPING = YES;
				DEBUG_INFORMATION_FORMAT = "dwarf-with-dsym";
				DEVELOPMENT_TEAM = Q87UDX5898;
				ENABLE_NS_ASSERTIONS = NO;
				ENABLE_STRICT_OBJC_MSGSEND = YES;
				ENABLE_USER_SCRIPT_SANDBOXING = YES;
				GCC_C_LANGUAGE_STANDARD = gnu17;
				GCC_NO_COMMON_BLOCKS = YES;
				GCC_WARN_64_TO_32_BIT_CONVERSION = YES;
				GCC_WARN_ABOUT_RETURN_TYPE = YES_ERROR;
				GCC_WARN_UNDECLARED_SELECTOR = YES;
				GCC_WARN_UNINITIALIZED_AUTOS = YES_AGGRESSIVE;
				GCC_WARN_UNUSED_FUNCTION = YES;
				GCC_WARN_UNUSED_VARIABLE = YES;
				LOCALIZATION_PREFERS_STRING_CATALOGS = YES;
				MTL_ENABLE_DEBUG_INFO = NO;
				MTL_FAST_MATH = YES;
				SWIFT_COMPILATION_MODE = wholemodule;
			};
			name = Release;
		};
		8448E9A82D395446004AF42D /* Debug configuration for PBXNativeTarget "EveryMinuteTests" */ = {
			isa = XCBuildConfiguration;
			buildSettings = {
				BUNDLE_LOADER = "$(TEST_HOST)";
				CODE_SIGN_STYLE = Automatic;
				CURRENT_PROJECT_VERSION = 1;
				DEAD_CODE_STRIPPING = YES;
				GENERATE_INFOPLIST_FILE = YES;
				IPHONEOS_DEPLOYMENT_TARGET = 18.4;
				MACOSX_DEPLOYMENT_TARGET = 15.4;
				MARKETING_VERSION = 1.0;
				PRODUCT_BUNDLE_IDENTIFIER = dev.jules.EveryMinuteTests;
				PRODUCT_NAME = "$(TARGET_NAME)";
				SDKROOT = auto;
				SUPPORTED_PLATFORMS = "iphoneos iphonesimulator macosx xros xrsimulator";
				SWIFT_EMIT_LOC_STRINGS = NO;
				SWIFT_VERSION = 5.0;
				TARGETED_DEVICE_FAMILY = "1,2,7";
				TEST_HOST = "$(BUILT_PRODUCTS_DIR)/EveryMinute.app/$(BUNDLE_EXECUTABLE_FOLDER_PATH)/EveryMinute";
				XROS_DEPLOYMENT_TARGET = 2.4;
			};
			name = Debug;
		};
		8448E9A92D395446004AF42D /* Release configuration for PBXNativeTarget "EveryMinuteTests" */ = {
			isa = XCBuildConfiguration;
			buildSettings = {
				BUNDLE_LOADER = "$(TEST_HOST)";
				CODE_SIGN_STYLE = Automatic;
				CURRENT_PROJECT_VERSION = 1;
				DEAD_CODE_STRIPPING = YES;
				GENERATE_INFOPLIST_FILE = YES;
				IPHONEOS_DEPLOYMENT_TARGET = 18.4;
				MACOSX_DEPLOYMENT_TARGET = 15.4;
				MARKETING_VERSION = 1.0;
				PRODUCT_BUNDLE_IDENTIFIER = dev.jules.EveryMinuteTests;
				PRODUCT_NAME = "$(TARGET_NAME)";
				SDKROOT = auto;
				SUPPORTED_PLATFORMS = "iphoneos iphonesimulator macosx xros xrsimulator";
				SWIFT_EMIT_LOC_STRINGS = NO;
				SWIFT_VERSION = 5.0;
				TARGETED_DEVICE_FAMILY = "1,2,7";
				TEST_HOST = "$(BUILT_PRODUCTS_DIR)/EveryMinute.app/$(BUNDLE_EXECUTABLE_FOLDER_PATH)/EveryMinute";
				XROS_DEPLOYMENT_TARGET = 2.4;
			};
			name = Release;
		};
		8448E9AB2D395446004AF42D /* Debug configuration for PBXNativeTarget "EveryMinuteUITests" */ = {
			isa = XCBuildConfiguration;
			buildSettings = {
				CODE_SIGN_STYLE = Automatic;
				CURRENT_PROJECT_VERSION = 1;
				DEAD_CODE_STRIPPING = YES;
				GENERATE_INFOPLIST_FILE = YES;
				IPHONEOS_DEPLOYMENT_TARGET = 18.4;
				MACOSX_DEPLOYMENT_TARGET = 15.4;
				MARKETING_VERSION = 1.0;
				PRODUCT_BUNDLE_IDENTIFIER = dev.jules.EveryMinuteUITests;
				PRODUCT_NAME = "$(TARGET_NAME)";
				SDKROOT = auto;
				SUPPORTED_PLATFORMS = "iphoneos iphonesimulator macosx xros xrsimulator";
				SWIFT_EMIT_LOC_STRINGS = NO;
				SWIFT_VERSION = 5.0;
				TARGETED_DEVICE_FAMILY = "1,2,7";
				TEST_TARGET_NAME = EveryMinute;
				XROS_DEPLOYMENT_TARGET = 2.4;
			};
			name = Debug;
		};
		8448E9AC2D395446004AF42D /* Release configuration for PBXNativeTarget "EveryMinuteUITests" */ = {
			isa = XCBuildConfiguration;
			buildSettings = {
				CODE_SIGN_STYLE = Automatic;
				CURRENT_PROJECT_VERSION = 1;
				DEAD_CODE_STRIPPING = YES;
				GENERATE_INFOPLIST_FILE = YES;
				IPHONEOS_DEPLOYMENT_TARGET = 18.4;
				MACOSX_DEPLOYMENT_TARGET = 15.4;
				MARKETING_VERSION = 1.0;
				PRODUCT_BUNDLE_IDENTIFIER = dev.jules.EveryMinuteUITests;
				PRODUCT_NAME = "$(TARGET_NAME)";
				SDKROOT = auto;
				SUPPORTED_PLATFORMS = "iphoneos iphonesimulator macosx xros xrsimulator";
				SWIFT_EMIT_LOC_STRINGS = NO;
				SWIFT_VERSION = 5.0;
				TARGETED_DEVICE_FAMILY = "1,2,7";
				TEST_TARGET_NAME = EveryMinute;
				XROS_DEPLOYMENT_TARGET = 2.4;
			};
			name = Release;
		};
/* End XCBuildConfiguration section */

/* Begin XCConfigurationList section */
		8448E9732D395444004AF42D /* Build configuration list for PBXProject "EveryMinute" */ = {
			isa = XCConfigurationList;
			buildConfigurations = (
				8448E9A52D395446004AF42D /* Debug configuration for PBXProject "EveryMinute" */,
				8448E9A62D395446004AF42D /* Release configuration for PBXProject "EveryMinute" */,
			);
			defaultConfigurationName = Release;
		};
		8448E9A22D395446004AF42D /* Build configuration list for PBXNativeTarget "EveryMinute" */ = {
			isa = XCConfigurationList;
			buildConfigurations = (
				8448E9A32D395446004AF42D /* Debug configuration for PBXNativeTarget "EveryMinute" */,
				8448E9A42D395446004AF42D /* Release configuration for PBXNativeTarget "EveryMinute" */,
			);
			defaultConfigurationName = Release;
		};
		8448E9A72D395446004AF42D /* Build configuration list for PBXNativeTarget "EveryMinuteTests" */ = {
			isa = XCConfigurationList;
			buildConfigurations = (
				8448E9A82D395446004AF42D /* Debug configuration for PBXNativeTarget "EveryMinuteTests" */,
				8448E9A92D395446004AF42D /* Release configuration for PBXNativeTarget "EveryMinuteTests" */,
			);
			defaultConfigurationName = Release;
		};
		8448E9AA2D395446004AF42D /* Build configuration list for PBXNativeTarget "EveryMinuteUITests" */ = {
			isa = XCConfigurationList;
			buildConfigurations = (
				8448E9AB2D395446004AF42D /* Debug configuration for PBXNativeTarget "EveryMinuteUITests" */,
				8448E9AC2D395446004AF42D /* Release configuration for PBXNativeTarget "EveryMinuteUITests" */,
			);
			defaultConfigurationName = Release;
		};
/* End XCConfigurationList section */
	};
	rootObject = 8448E9702D395444004AF42D /* Project object */;
}
